// !$*UTF8*$!
{
	archiveVersion = 1;
	classes = {
	};
	objectVersion = 46;
	objects = {

/* Begin PBXFileReference section */
		B5B4B3D31CAFB3B1008B87F0 /* MiniReto.playground */ = {isa = PBXFileReference; lastKnownFileType = file.playground; path = MiniReto.playground; sourceTree = "<group>"; };
/* End PBXFileReference section */

/* Begin PBXGroup section */
		B5B4B3CA1CAFB194008B87F0 = {
			isa = PBXGroup;
			children = (
				B5B4B3D31CAFB3B1008B87F0 /* MiniReto.playground */,
			);
			sourceTree = "<group>";
		};
/* End PBXGroup section */

/* Begin PBXProject section */
		B5B4B3CB1CAFB194008B87F0 /* Project object */ = {
			isa = PBXProject;
			attributes = {
				LastUpgradeCheck = 0730;
			};
			buildConfigurationList = B5B4B3CE1CAFB195008B87F0 /* Build configuration list for PBXProject "MiniReto" */;
			compatibilityVersion = "Xcode 3.2";
			developmentRegion = English;
			hasScannedForEncodings = 0;
			knownRegions = (
				en,
			);
			mainGroup = B5B4B3CA1CAFB194008B87F0;
			projectDirPath = "";
			projectRoot = "";
			targets = (
			);
		};
/* End PBXProject section */

/* Begin XCBuildConfiguration section */
		B5B4B3CF1CAFB195008B87F0 /* Debug */ = {
			isa = XCBuildConfiguration;
			buildSettings = {
			};
			name = Debug;
		};
		B5B4B3D01CAFB195008B87F0 /* Release */ = {
			isa = XCBuildConfiguration;
			buildSettings = {
			};
			name = Release;
		};
/* End XCBuildConfiguration section */

/* Begin XCConfigurationList section */
		B5B4B3CE1CAFB195008B87F0 /* Build configuration list for PBXProject "MiniReto" */ = {
			isa = XCConfigurationList;
			buildConfigurations = (
				B5B4B3CF1CAFB195008B87F0 /* Debug */,
				B5B4B3D01CAFB195008B87F0 /* Release */,
			);
			defaultConfigurationIsVisible = 0;
			defaultConfigurationName = Release;
		};
/* End XCConfigurationList section */
	};
	rootObject = B5B4B3CB1CAFB194008B87F0 /* Project object */;
}
